
Microsoft Visual Studio Solution File, Format Version 12.00
# Visual Studio Version 17
VisualStudioVersion = 17.0.31903.59
MinimumVisualStudioVersion = 10.0.40219.1
Project("{2150E333-8FDC-42A3-9474-1A3956D46DE8}") = "Day 1", "Day 1", "{CBB6C860-0E55-43BE-A034-8873D71E2167}"
EndProject
Project("{FAE04EC0-301F-11D3-BF4B-00C04F79EFBC}") = "First Project", "Day 1\First Project\First Project.csproj", "{4EF1254B-EEAE-43E6-B5A5-2DF11A4B71FB}"
EndProject
Project("{FAE04EC0-301F-11D3-BF4B-00C04F79EFBC}") = "Second Project", "Day 1\Second Project\Second Project.csproj", "{C5BE222B-6508-41B1-9BA4-5F44CF18691A}"
EndProject
Project("{FAE04EC0-301F-11D3-BF4B-00C04F79EFBC}") = "Forth Project", "Day 1\Forth Project\Forth Project.csproj", "{A00B0E14-CBEE-4DD0-9893-4172A9020C15}"
EndProject
Project("{FAE04EC0-301F-11D3-BF4B-00C04F79EFBC}") = "Kumi", "Day 1\Kumi\Kumi.csproj", "{A4A91292-7325-49B5-931A-2E5CDD3193B0}"
EndProject
Project("{2150E333-8FDC-42A3-9474-1A3956D46DE8}") = "Day 2", "Day 2", "{575F3C61-B740-4E48-A78B-E7E030AB03CF}"
EndProject
Project("{FAE04EC0-301F-11D3-BF4B-00C04F79EFBC}") = "Calculator", "Day 2\Calculator\Calculator.csproj", "{288DFCDF-16E3-4583-8142-48F8994BED2E}"
EndProject
Project("{FAE04EC0-301F-11D3-BF4B-00C04F79EFBC}") = "ClassParameter", "Day 2\ClassParameter\ClassParameter.csproj", "{CFA60784-09AE-4677-A1AC-117B8F1D7103}"
EndProject
Project("{FAE04EC0-301F-11D3-BF4B-00C04F79EFBC}") = "ClassStructure", "Day 2\ClassStructure\ClassStructure.csproj", "{1DF08894-8517-4891-B1D1-6826BB1F8458}"
EndProject
Project("{FAE04EC0-301F-11D3-BF4B-00C04F79EFBC}") = "Composition", "Day 2\Composition\Composition.csproj", "{E5C658E2-885B-4904-914C-360A9D5F7B88}"
EndProject
Project("{FAE04EC0-301F-11D3-BF4B-00C04F79EFBC}") = "ConstructorOverloading", "Day 2\ConstructorOverloading\ConstructorOverloading.csproj", "{EF4F69E8-A93D-496F-8F22-430E9793101D}"
EndProject
Project("{FAE04EC0-301F-11D3-BF4B-00C04F79EFBC}") = "Constructorr", "Day 2\Constructorr\Constructorr.csproj", "{1E7F9C0B-8C4D-4B33-AAFF-3F21EA09C05D}"
EndProject
Project("{FAE04EC0-301F-11D3-BF4B-00C04F79EFBC}") = "Iteration", "Day 2\Iteration\Iteration.csproj", "{1F65A8E3-7078-423E-879C-3371A3EF2DE7}"
EndProject
Project("{FAE04EC0-301F-11D3-BF4B-00C04F79EFBC}") = "DefaultConstructor", "Day 2\DefaultConstructor\DefaultConstructor.csproj", "{280A6276-F3F5-465F-A3D1-58931A26BEE4}"
EndProject
Project("{FAE04EC0-301F-11D3-BF4B-00C04F79EFBC}") = "CustomConstructor", "Day 2\CustomConstructor\CustomConstructor.csproj", "{F524F4F3-EDB8-4570-904E-BBFF29208C93}"
EndProject
Project("{FAE04EC0-301F-11D3-BF4B-00C04F79EFBC}") = "A_Before_Inheritance", "Day 3\A_Before_Inheritance\A_Before_Inheritance.csproj", "{FD73EA8C-987B-408B-83B6-A71BF668D1B6}"
EndProject
Project("{FAE04EC0-301F-11D3-BF4B-00C04F79EFBC}") = "B_After_Inheritance", "Day 3\B_After_Inheritance\B_After_Inheritance.csproj", "{2E8FE745-6FA9-4B13-B4C6-D4395BBE0EC9}"
EndProject
Project("{FAE04EC0-301F-11D3-BF4B-00C04F79EFBC}") = "C_Inheritance_Proof", "Day 3\C_Inheritance_Proof\C_Inheritance_Proof.csproj", "{AD45ADB4-85AB-40F3-A2FD-BE9875E6FF63}"
EndProject
Project("{FAE04EC0-301F-11D3-BF4B-00C04F79EFBC}") = "D_Inheritance_ParentChildConstructor", "Day 3\D_Inheritance_ParentChildConstructor\D_Inheritance_ParentChildConstructor.csproj", "{B35AF32B-F28E-4AA7-95B5-87F96E32C069}"
EndProject
Project("{FAE04EC0-301F-11D3-BF4B-00C04F79EFBC}") = "E_ErrorParentChildConstructor", "Day 3\E_ErrorParentChildConstructor\E_ErrorParentChildConstructor.csproj", "{89B4835D-BC0C-4707-A0E6-1BA42346DBFA}"
EndProject
Project("{FAE04EC0-301F-11D3-BF4B-00C04F79EFBC}") = "F_SolutionParentChildConstructor", "Day 3\F_SolutionParentChildConstructor\F_SolutionParentChildConstructor.csproj", "{CEFC50A8-BAEF-40C4-B173-DE3067C30E46}"
EndProject
Project("{FAE04EC0-301F-11D3-BF4B-00C04F79EFBC}") = "G_Inhertiance_ErrorMultipleInheritance", "Day 3\G_Inhertiance_ErrorMultipleInheritance\G_Inhertiance_ErrorMultipleInheritance.csproj", "{25068133-9A27-4B3A-834F-26A2F63E6577}"
EndProject
Project("{FAE04EC0-301F-11D3-BF4B-00C04F79EFBC}") = "H_Inheritance_GrandParentAnalogy", "Day 3\H_Inheritance_GrandParentAnalogy\H_Inheritance_GrandParentAnalogy.csproj", "{95D69402-5B5D-4C14-8729-3A959A9277D9}"
EndProject
Project("{FAE04EC0-301F-11D3-BF4B-00C04F79EFBC}") = "I_InheritanceComposition", "Day 3\I_InheritanceComposition\I_InheritanceComposition.csproj", "{2892727E-43E5-45AA-BA7C-8AB8ECDFD9D3}"
EndProject
Project("{FAE04EC0-301F-11D3-BF4B-00C04F79EFBC}") = "AA_Question1", "Day 3\AA_Question1\AA_Question1.csproj", "{17840D17-1BB3-46E4-80F9-AA93D353C101}"
EndProject
Project("{FAE04EC0-301F-11D3-BF4B-00C04F79EFBC}") = "AB_Question2", "Day 3\AB_Question2\AB_Question2.csproj", "{F8EBBF32-2AA7-46FE-A2B7-6951FC1B2D63}"
EndProject
Project("{FAE04EC0-301F-11D3-BF4B-00C04F79EFBC}") = "AC_Question3", "Day 3\AC_Question3\AC_Question3.csproj", "{5770E513-4129-4065-8649-BDFE6AE3ECF5}"
EndProject
Project("{FAE04EC0-301F-11D3-BF4B-00C04F79EFBC}") = "AD_Question4", "Day 3\AD_Question4\AD_Question4.csproj", "{BAA98833-7D58-40FC-91E4-4607FE28A72D}"
EndProject
Project("{FAE04EC0-301F-11D3-BF4B-00C04F79EFBC}") = "AE_Question4", "Day 3\AE_Question4\AE_Question4.csproj", "{20B9C647-385E-4AD8-98F2-F4188AA2EC13}"
EndProject
Project("{2150E333-8FDC-42A3-9474-1A3956D46DE8}") = "Day 3", "Day 3", "{FA7A24C2-3271-4F62-8B7B-39FE9AE2A2DF}"
EndProject
Project("{FAE04EC0-301F-11D3-BF4B-00C04F79EFBC}") = "A_Encapsulation_Public", "A_Encapsulation_Public\A_Encapsulation_Public.csproj", "{D9E18280-4EC8-4D26-9C98-2255F4864B26}"
EndProject
Project("{FAE04EC0-301F-11D3-BF4B-00C04F79EFBC}") = "B_Encapsulation_Private", "B_Encapsulation_Private\B_Encapsulation_Private.csproj", "{C8B06219-02D3-4382-9888-ABCDD80AAAFB}"
EndProject
Project("{FAE04EC0-301F-11D3-BF4B-00C04F79EFBC}") = "C_Encapsulation_Private2", "C_Encapsulation_Private2\C_Encapsulation_Private2.csproj", "{34FFDCF1-4D17-49B3-A30A-9727B8B95B02}"
EndProject
Project("{FAE04EC0-301F-11D3-BF4B-00C04F79EFBC}") = "D_Encapsulation_PrivateNamingConv", "D_Encapsulation_PrivateNamingConv\D_Encapsulation_PrivateNamingConv.csproj", "{7B689D2C-4D92-4C71-AC7C-5AECF9958E7F}"
EndProject
Project("{FAE04EC0-301F-11D3-BF4B-00C04F79EFBC}") = "E_Encapsulation_QuestionError", "E_Encapsulation_QuestionError\E_Encapsulation_QuestionError.csproj", "{5397FCDB-6259-4880-9257-B473158F742E}"
EndProject
Project("{FAE04EC0-301F-11D3-BF4B-00C04F79EFBC}") = "F_Encapsulation_Variable", "F_Encapsulation_Variable\F_Encapsulation_Variable.csproj", "{6EED3C88-C92E-4EE8-88A9-7B4C7C5A1B73}"
EndProject
Project("{FAE04EC0-301F-11D3-BF4B-00C04F79EFBC}") = "G_Encapsulation_Protected", "G_Encapsulation_Protected\G_Encapsulation_Protected.csproj", "{EB3CFC21-237C-4E08-B3E3-46732603E532}"
EndProject
Project("{FAE04EC0-301F-11D3-BF4B-00C04F79EFBC}") = "H1_Encapsulation_Internal", "H1_Encapsulation_Internal\H1_Encapsulation_Internal.csproj", "{660C1305-984A-4956-B7D4-4D13B03CD25B}"
EndProject
Project("{FAE04EC0-301F-11D3-BF4B-00C04F79EFBC}") = "H2_Encapsulation_Internal2", "H2_Encapsulation_Internal2\H2_Encapsulation_Internal2.csproj", "{68F7E078-4DB9-48B2-A300-5FBCF58AEAEA}"
EndProject
Project("{FAE04EC0-301F-11D3-BF4B-00C04F79EFBC}") = "I_Encapsulation_DefaultAM", "I_Encapsulation_DefaultAM\I_Encapsulation_DefaultAM.csproj", "{6F6FB818-14F4-47AB-B918-D9CD0DCD48F0}"
EndProject
Project("{FAE04EC0-301F-11D3-BF4B-00C04F79EFBC}") = "J_Polymorphism", "J_Polymorphism\J_Polymorphism.csproj", "{926E4FEE-655A-4312-9412-241C82FA8316}"
EndProject
Project("{FAE04EC0-301F-11D3-BF4B-00C04F79EFBC}") = "K_Question", "K_Question\K_Question.csproj", "{8C45DC54-BEFB-4B86-8154-DCA9D0ED0FCF}"
EndProject
Global
	GlobalSection(SolutionConfigurationPlatforms) = preSolution
		Debug|Any CPU = Debug|Any CPU
		Release|Any CPU = Release|Any CPU
	EndGlobalSection
	GlobalSection(ProjectConfigurationPlatforms) = postSolution
		{4EF1254B-EEAE-43E6-B5A5-2DF11A4B71FB}.Debug|Any CPU.ActiveCfg = Debug|Any CPU
		{4EF1254B-EEAE-43E6-B5A5-2DF11A4B71FB}.Debug|Any CPU.Build.0 = Debug|Any CPU
		{4EF1254B-EEAE-43E6-B5A5-2DF11A4B71FB}.Release|Any CPU.ActiveCfg = Release|Any CPU
		{4EF1254B-EEAE-43E6-B5A5-2DF11A4B71FB}.Release|Any CPU.Build.0 = Release|Any CPU
		{C5BE222B-6508-41B1-9BA4-5F44CF18691A}.Debug|Any CPU.ActiveCfg = Debug|Any CPU
		{C5BE222B-6508-41B1-9BA4-5F44CF18691A}.Debug|Any CPU.Build.0 = Debug|Any CPU
		{C5BE222B-6508-41B1-9BA4-5F44CF18691A}.Release|Any CPU.ActiveCfg = Release|Any CPU
		{C5BE222B-6508-41B1-9BA4-5F44CF18691A}.Release|Any CPU.Build.0 = Release|Any CPU
		{A00B0E14-CBEE-4DD0-9893-4172A9020C15}.Debug|Any CPU.ActiveCfg = Debug|Any CPU
		{A00B0E14-CBEE-4DD0-9893-4172A9020C15}.Debug|Any CPU.Build.0 = Debug|Any CPU
		{A00B0E14-CBEE-4DD0-9893-4172A9020C15}.Release|Any CPU.ActiveCfg = Release|Any CPU
		{A00B0E14-CBEE-4DD0-9893-4172A9020C15}.Release|Any CPU.Build.0 = Release|Any CPU
		{A4A91292-7325-49B5-931A-2E5CDD3193B0}.Debug|Any CPU.ActiveCfg = Debug|Any CPU
		{A4A91292-7325-49B5-931A-2E5CDD3193B0}.Debug|Any CPU.Build.0 = Debug|Any CPU
		{A4A91292-7325-49B5-931A-2E5CDD3193B0}.Release|Any CPU.ActiveCfg = Release|Any CPU
		{A4A91292-7325-49B5-931A-2E5CDD3193B0}.Release|Any CPU.Build.0 = Release|Any CPU
		{288DFCDF-16E3-4583-8142-48F8994BED2E}.Debug|Any CPU.ActiveCfg = Debug|Any CPU
		{288DFCDF-16E3-4583-8142-48F8994BED2E}.Debug|Any CPU.Build.0 = Debug|Any CPU
		{288DFCDF-16E3-4583-8142-48F8994BED2E}.Release|Any CPU.ActiveCfg = Release|Any CPU
		{288DFCDF-16E3-4583-8142-48F8994BED2E}.Release|Any CPU.Build.0 = Release|Any CPU
		{CFA60784-09AE-4677-A1AC-117B8F1D7103}.Debug|Any CPU.ActiveCfg = Debug|Any CPU
		{CFA60784-09AE-4677-A1AC-117B8F1D7103}.Debug|Any CPU.Build.0 = Debug|Any CPU
		{CFA60784-09AE-4677-A1AC-117B8F1D7103}.Release|Any CPU.ActiveCfg = Release|Any CPU
		{CFA60784-09AE-4677-A1AC-117B8F1D7103}.Release|Any CPU.Build.0 = Release|Any CPU
		{1DF08894-8517-4891-B1D1-6826BB1F8458}.Debug|Any CPU.ActiveCfg = Debug|Any CPU
		{1DF08894-8517-4891-B1D1-6826BB1F8458}.Debug|Any CPU.Build.0 = Debug|Any CPU
		{1DF08894-8517-4891-B1D1-6826BB1F8458}.Release|Any CPU.ActiveCfg = Release|Any CPU
		{1DF08894-8517-4891-B1D1-6826BB1F8458}.Release|Any CPU.Build.0 = Release|Any CPU
		{E5C658E2-885B-4904-914C-360A9D5F7B88}.Debug|Any CPU.ActiveCfg = Debug|Any CPU
		{E5C658E2-885B-4904-914C-360A9D5F7B88}.Debug|Any CPU.Build.0 = Debug|Any CPU
		{E5C658E2-885B-4904-914C-360A9D5F7B88}.Release|Any CPU.ActiveCfg = Release|Any CPU
		{E5C658E2-885B-4904-914C-360A9D5F7B88}.Release|Any CPU.Build.0 = Release|Any CPU
		{EF4F69E8-A93D-496F-8F22-430E9793101D}.Debug|Any CPU.ActiveCfg = Debug|Any CPU
		{EF4F69E8-A93D-496F-8F22-430E9793101D}.Debug|Any CPU.Build.0 = Debug|Any CPU
		{EF4F69E8-A93D-496F-8F22-430E9793101D}.Release|Any CPU.ActiveCfg = Release|Any CPU
		{EF4F69E8-A93D-496F-8F22-430E9793101D}.Release|Any CPU.Build.0 = Release|Any CPU
		{1E7F9C0B-8C4D-4B33-AAFF-3F21EA09C05D}.Debug|Any CPU.ActiveCfg = Debug|Any CPU
		{1E7F9C0B-8C4D-4B33-AAFF-3F21EA09C05D}.Debug|Any CPU.Build.0 = Debug|Any CPU
		{1E7F9C0B-8C4D-4B33-AAFF-3F21EA09C05D}.Release|Any CPU.ActiveCfg = Release|Any CPU
		{1E7F9C0B-8C4D-4B33-AAFF-3F21EA09C05D}.Release|Any CPU.Build.0 = Release|Any CPU
		{1F65A8E3-7078-423E-879C-3371A3EF2DE7}.Debug|Any CPU.ActiveCfg = Debug|Any CPU
		{1F65A8E3-7078-423E-879C-3371A3EF2DE7}.Debug|Any CPU.Build.0 = Debug|Any CPU
		{1F65A8E3-7078-423E-879C-3371A3EF2DE7}.Release|Any CPU.ActiveCfg = Release|Any CPU
		{1F65A8E3-7078-423E-879C-3371A3EF2DE7}.Release|Any CPU.Build.0 = Release|Any CPU
		{280A6276-F3F5-465F-A3D1-58931A26BEE4}.Debug|Any CPU.ActiveCfg = Debug|Any CPU
		{280A6276-F3F5-465F-A3D1-58931A26BEE4}.Debug|Any CPU.Build.0 = Debug|Any CPU
		{280A6276-F3F5-465F-A3D1-58931A26BEE4}.Release|Any CPU.ActiveCfg = Release|Any CPU
		{280A6276-F3F5-465F-A3D1-58931A26BEE4}.Release|Any CPU.Build.0 = Release|Any CPU
		{F524F4F3-EDB8-4570-904E-BBFF29208C93}.Debug|Any CPU.ActiveCfg = Debug|Any CPU
		{F524F4F3-EDB8-4570-904E-BBFF29208C93}.Debug|Any CPU.Build.0 = Debug|Any CPU
		{F524F4F3-EDB8-4570-904E-BBFF29208C93}.Release|Any CPU.ActiveCfg = Release|Any CPU
		{F524F4F3-EDB8-4570-904E-BBFF29208C93}.Release|Any CPU.Build.0 = Release|Any CPU
		{FD73EA8C-987B-408B-83B6-A71BF668D1B6}.Debug|Any CPU.ActiveCfg = Debug|Any CPU
		{FD73EA8C-987B-408B-83B6-A71BF668D1B6}.Debug|Any CPU.Build.0 = Debug|Any CPU
		{FD73EA8C-987B-408B-83B6-A71BF668D1B6}.Release|Any CPU.ActiveCfg = Release|Any CPU
		{FD73EA8C-987B-408B-83B6-A71BF668D1B6}.Release|Any CPU.Build.0 = Release|Any CPU
		{2E8FE745-6FA9-4B13-B4C6-D4395BBE0EC9}.Debug|Any CPU.ActiveCfg = Debug|Any CPU
		{2E8FE745-6FA9-4B13-B4C6-D4395BBE0EC9}.Debug|Any CPU.Build.0 = Debug|Any CPU
		{2E8FE745-6FA9-4B13-B4C6-D4395BBE0EC9}.Release|Any CPU.ActiveCfg = Release|Any CPU
		{2E8FE745-6FA9-4B13-B4C6-D4395BBE0EC9}.Release|Any CPU.Build.0 = Release|Any CPU
		{AD45ADB4-85AB-40F3-A2FD-BE9875E6FF63}.Debug|Any CPU.ActiveCfg = Debug|Any CPU
		{AD45ADB4-85AB-40F3-A2FD-BE9875E6FF63}.Debug|Any CPU.Build.0 = Debug|Any CPU
		{AD45ADB4-85AB-40F3-A2FD-BE9875E6FF63}.Release|Any CPU.ActiveCfg = Release|Any CPU
		{AD45ADB4-85AB-40F3-A2FD-BE9875E6FF63}.Release|Any CPU.Build.0 = Release|Any CPU
		{B35AF32B-F28E-4AA7-95B5-87F96E32C069}.Debug|Any CPU.ActiveCfg = Debug|Any CPU
		{B35AF32B-F28E-4AA7-95B5-87F96E32C069}.Debug|Any CPU.Build.0 = Debug|Any CPU
		{B35AF32B-F28E-4AA7-95B5-87F96E32C069}.Release|Any CPU.ActiveCfg = Release|Any CPU
		{B35AF32B-F28E-4AA7-95B5-87F96E32C069}.Release|Any CPU.Build.0 = Release|Any CPU
		{89B4835D-BC0C-4707-A0E6-1BA42346DBFA}.Debug|Any CPU.ActiveCfg = Debug|Any CPU
		{89B4835D-BC0C-4707-A0E6-1BA42346DBFA}.Debug|Any CPU.Build.0 = Debug|Any CPU
		{89B4835D-BC0C-4707-A0E6-1BA42346DBFA}.Release|Any CPU.ActiveCfg = Release|Any CPU
		{89B4835D-BC0C-4707-A0E6-1BA42346DBFA}.Release|Any CPU.Build.0 = Release|Any CPU
		{CEFC50A8-BAEF-40C4-B173-DE3067C30E46}.Debug|Any CPU.ActiveCfg = Debug|Any CPU
		{CEFC50A8-BAEF-40C4-B173-DE3067C30E46}.Debug|Any CPU.Build.0 = Debug|Any CPU
		{CEFC50A8-BAEF-40C4-B173-DE3067C30E46}.Release|Any CPU.ActiveCfg = Release|Any CPU
		{CEFC50A8-BAEF-40C4-B173-DE3067C30E46}.Release|Any CPU.Build.0 = Release|Any CPU
		{25068133-9A27-4B3A-834F-26A2F63E6577}.Debug|Any CPU.ActiveCfg = Debug|Any CPU
		{25068133-9A27-4B3A-834F-26A2F63E6577}.Debug|Any CPU.Build.0 = Debug|Any CPU
		{25068133-9A27-4B3A-834F-26A2F63E6577}.Release|Any CPU.ActiveCfg = Release|Any CPU
		{25068133-9A27-4B3A-834F-26A2F63E6577}.Release|Any CPU.Build.0 = Release|Any CPU
		{95D69402-5B5D-4C14-8729-3A959A9277D9}.Debug|Any CPU.ActiveCfg = Debug|Any CPU
		{95D69402-5B5D-4C14-8729-3A959A9277D9}.Debug|Any CPU.Build.0 = Debug|Any CPU
		{95D69402-5B5D-4C14-8729-3A959A9277D9}.Release|Any CPU.ActiveCfg = Release|Any CPU
		{95D69402-5B5D-4C14-8729-3A959A9277D9}.Release|Any CPU.Build.0 = Release|Any CPU
		{2892727E-43E5-45AA-BA7C-8AB8ECDFD9D3}.Debug|Any CPU.ActiveCfg = Debug|Any CPU
		{2892727E-43E5-45AA-BA7C-8AB8ECDFD9D3}.Debug|Any CPU.Build.0 = Debug|Any CPU
		{2892727E-43E5-45AA-BA7C-8AB8ECDFD9D3}.Release|Any CPU.ActiveCfg = Release|Any CPU
		{2892727E-43E5-45AA-BA7C-8AB8ECDFD9D3}.Release|Any CPU.Build.0 = Release|Any CPU
		{17840D17-1BB3-46E4-80F9-AA93D353C101}.Debug|Any CPU.ActiveCfg = Debug|Any CPU
		{17840D17-1BB3-46E4-80F9-AA93D353C101}.Debug|Any CPU.Build.0 = Debug|Any CPU
		{17840D17-1BB3-46E4-80F9-AA93D353C101}.Release|Any CPU.ActiveCfg = Release|Any CPU
		{17840D17-1BB3-46E4-80F9-AA93D353C101}.Release|Any CPU.Build.0 = Release|Any CPU
		{F8EBBF32-2AA7-46FE-A2B7-6951FC1B2D63}.Debug|Any CPU.ActiveCfg = Debug|Any CPU
		{F8EBBF32-2AA7-46FE-A2B7-6951FC1B2D63}.Debug|Any CPU.Build.0 = Debug|Any CPU
		{F8EBBF32-2AA7-46FE-A2B7-6951FC1B2D63}.Release|Any CPU.ActiveCfg = Release|Any CPU
		{F8EBBF32-2AA7-46FE-A2B7-6951FC1B2D63}.Release|Any CPU.Build.0 = Release|Any CPU
		{5770E513-4129-4065-8649-BDFE6AE3ECF5}.Debug|Any CPU.ActiveCfg = Debug|Any CPU
		{5770E513-4129-4065-8649-BDFE6AE3ECF5}.Debug|Any CPU.Build.0 = Debug|Any CPU
		{5770E513-4129-4065-8649-BDFE6AE3ECF5}.Release|Any CPU.ActiveCfg = Release|Any CPU
		{5770E513-4129-4065-8649-BDFE6AE3ECF5}.Release|Any CPU.Build.0 = Release|Any CPU
		{BAA98833-7D58-40FC-91E4-4607FE28A72D}.Debug|Any CPU.ActiveCfg = Debug|Any CPU
		{BAA98833-7D58-40FC-91E4-4607FE28A72D}.Debug|Any CPU.Build.0 = Debug|Any CPU
		{BAA98833-7D58-40FC-91E4-4607FE28A72D}.Release|Any CPU.ActiveCfg = Release|Any CPU
		{BAA98833-7D58-40FC-91E4-4607FE28A72D}.Release|Any CPU.Build.0 = Release|Any CPU
		{20B9C647-385E-4AD8-98F2-F4188AA2EC13}.Debug|Any CPU.ActiveCfg = Debug|Any CPU
		{20B9C647-385E-4AD8-98F2-F4188AA2EC13}.Debug|Any CPU.Build.0 = Debug|Any CPU
		{20B9C647-385E-4AD8-98F2-F4188AA2EC13}.Release|Any CPU.ActiveCfg = Release|Any CPU
		{20B9C647-385E-4AD8-98F2-F4188AA2EC13}.Release|Any CPU.Build.0 = Release|Any CPU
		{D9E18280-4EC8-4D26-9C98-2255F4864B26}.Debug|Any CPU.ActiveCfg = Debug|Any CPU
		{D9E18280-4EC8-4D26-9C98-2255F4864B26}.Debug|Any CPU.Build.0 = Debug|Any CPU
		{D9E18280-4EC8-4D26-9C98-2255F4864B26}.Release|Any CPU.ActiveCfg = Release|Any CPU
		{D9E18280-4EC8-4D26-9C98-2255F4864B26}.Release|Any CPU.Build.0 = Release|Any CPU
		{C8B06219-02D3-4382-9888-ABCDD80AAAFB}.Debug|Any CPU.ActiveCfg = Debug|Any CPU
		{C8B06219-02D3-4382-9888-ABCDD80AAAFB}.Debug|Any CPU.Build.0 = Debug|Any CPU
		{C8B06219-02D3-4382-9888-ABCDD80AAAFB}.Release|Any CPU.ActiveCfg = Release|Any CPU
		{C8B06219-02D3-4382-9888-ABCDD80AAAFB}.Release|Any CPU.Build.0 = Release|Any CPU
		{34FFDCF1-4D17-49B3-A30A-9727B8B95B02}.Debug|Any CPU.ActiveCfg = Debug|Any CPU
		{34FFDCF1-4D17-49B3-A30A-9727B8B95B02}.Debug|Any CPU.Build.0 = Debug|Any CPU
		{34FFDCF1-4D17-49B3-A30A-9727B8B95B02}.Release|Any CPU.ActiveCfg = Release|Any CPU
		{34FFDCF1-4D17-49B3-A30A-9727B8B95B02}.Release|Any CPU.Build.0 = Release|Any CPU
		{7B689D2C-4D92-4C71-AC7C-5AECF9958E7F}.Debug|Any CPU.ActiveCfg = Debug|Any CPU
		{7B689D2C-4D92-4C71-AC7C-5AECF9958E7F}.Debug|Any CPU.Build.0 = Debug|Any CPU
		{7B689D2C-4D92-4C71-AC7C-5AECF9958E7F}.Release|Any CPU.ActiveCfg = Release|Any CPU
		{7B689D2C-4D92-4C71-AC7C-5AECF9958E7F}.Release|Any CPU.Build.0 = Release|Any CPU
		{5397FCDB-6259-4880-9257-B473158F742E}.Debug|Any CPU.ActiveCfg = Debug|Any CPU
		{5397FCDB-6259-4880-9257-B473158F742E}.Debug|Any CPU.Build.0 = Debug|Any CPU
		{5397FCDB-6259-4880-9257-B473158F742E}.Release|Any CPU.ActiveCfg = Release|Any CPU
		{5397FCDB-6259-4880-9257-B473158F742E}.Release|Any CPU.Build.0 = Release|Any CPU
		{6EED3C88-C92E-4EE8-88A9-7B4C7C5A1B73}.Debug|Any CPU.ActiveCfg = Debug|Any CPU
		{6EED3C88-C92E-4EE8-88A9-7B4C7C5A1B73}.Debug|Any CPU.Build.0 = Debug|Any CPU
		{6EED3C88-C92E-4EE8-88A9-7B4C7C5A1B73}.Release|Any CPU.ActiveCfg = Release|Any CPU
		{6EED3C88-C92E-4EE8-88A9-7B4C7C5A1B73}.Release|Any CPU.Build.0 = Release|Any CPU
		{EB3CFC21-237C-4E08-B3E3-46732603E532}.Debug|Any CPU.ActiveCfg = Debug|Any CPU
		{EB3CFC21-237C-4E08-B3E3-46732603E532}.Debug|Any CPU.Build.0 = Debug|Any CPU
		{EB3CFC21-237C-4E08-B3E3-46732603E532}.Release|Any CPU.ActiveCfg = Release|Any CPU
		{EB3CFC21-237C-4E08-B3E3-46732603E532}.Release|Any CPU.Build.0 = Release|Any CPU
		{660C1305-984A-4956-B7D4-4D13B03CD25B}.Debug|Any CPU.ActiveCfg = Debug|Any CPU
		{660C1305-984A-4956-B7D4-4D13B03CD25B}.Debug|Any CPU.Build.0 = Debug|Any CPU
		{660C1305-984A-4956-B7D4-4D13B03CD25B}.Release|Any CPU.ActiveCfg = Release|Any CPU
		{660C1305-984A-4956-B7D4-4D13B03CD25B}.Release|Any CPU.Build.0 = Release|Any CPU
		{68F7E078-4DB9-48B2-A300-5FBCF58AEAEA}.Debug|Any CPU.ActiveCfg = Debug|Any CPU
		{68F7E078-4DB9-48B2-A300-5FBCF58AEAEA}.Debug|Any CPU.Build.0 = Debug|Any CPU
		{68F7E078-4DB9-48B2-A300-5FBCF58AEAEA}.Release|Any CPU.ActiveCfg = Release|Any CPU
		{68F7E078-4DB9-48B2-A300-5FBCF58AEAEA}.Release|Any CPU.Build.0 = Release|Any CPU
		{6F6FB818-14F4-47AB-B918-D9CD0DCD48F0}.Debug|Any CPU.ActiveCfg = Debug|Any CPU
		{6F6FB818-14F4-47AB-B918-D9CD0DCD48F0}.Debug|Any CPU.Build.0 = Debug|Any CPU
		{6F6FB818-14F4-47AB-B918-D9CD0DCD48F0}.Release|Any CPU.ActiveCfg = Release|Any CPU
		{6F6FB818-14F4-47AB-B918-D9CD0DCD48F0}.Release|Any CPU.Build.0 = Release|Any CPU
		{926E4FEE-655A-4312-9412-241C82FA8316}.Debug|Any CPU.ActiveCfg = Debug|Any CPU
		{926E4FEE-655A-4312-9412-241C82FA8316}.Debug|Any CPU.Build.0 = Debug|Any CPU
		{926E4FEE-655A-4312-9412-241C82FA8316}.Release|Any CPU.ActiveCfg = Release|Any CPU
		{926E4FEE-655A-4312-9412-241C82FA8316}.Release|Any CPU.Build.0 = Release|Any CPU
		{8C45DC54-BEFB-4B86-8154-DCA9D0ED0FCF}.Debug|Any CPU.ActiveCfg = Debug|Any CPU
		{8C45DC54-BEFB-4B86-8154-DCA9D0ED0FCF}.Debug|Any CPU.Build.0 = Debug|Any CPU
		{8C45DC54-BEFB-4B86-8154-DCA9D0ED0FCF}.Release|Any CPU.ActiveCfg = Release|Any CPU
		{8C45DC54-BEFB-4B86-8154-DCA9D0ED0FCF}.Release|Any CPU.Build.0 = Release|Any CPU
	EndGlobalSection
	GlobalSection(SolutionProperties) = preSolution
		HideSolutionNode = FALSE
	EndGlobalSection
	GlobalSection(NestedProjects) = preSolution
		{2892727E-43E5-45AA-BA7C-8AB8ECDFD9D3} = {FA7A24C2-3271-4F62-8B7B-39FE9AE2A2DF}
		{95D69402-5B5D-4C14-8729-3A959A9277D9} = {FA7A24C2-3271-4F62-8B7B-39FE9AE2A2DF}
		{25068133-9A27-4B3A-834F-26A2F63E6577} = {FA7A24C2-3271-4F62-8B7B-39FE9AE2A2DF}
		{CEFC50A8-BAEF-40C4-B173-DE3067C30E46} = {FA7A24C2-3271-4F62-8B7B-39FE9AE2A2DF}
		{89B4835D-BC0C-4707-A0E6-1BA42346DBFA} = {FA7A24C2-3271-4F62-8B7B-39FE9AE2A2DF}
		{B35AF32B-F28E-4AA7-95B5-87F96E32C069} = {FA7A24C2-3271-4F62-8B7B-39FE9AE2A2DF}
		{AD45ADB4-85AB-40F3-A2FD-BE9875E6FF63} = {FA7A24C2-3271-4F62-8B7B-39FE9AE2A2DF}
		{2E8FE745-6FA9-4B13-B4C6-D4395BBE0EC9} = {FA7A24C2-3271-4F62-8B7B-39FE9AE2A2DF}
		{20B9C647-385E-4AD8-98F2-F4188AA2EC13} = {FA7A24C2-3271-4F62-8B7B-39FE9AE2A2DF}
		{BAA98833-7D58-40FC-91E4-4607FE28A72D} = {FA7A24C2-3271-4F62-8B7B-39FE9AE2A2DF}
		{5770E513-4129-4065-8649-BDFE6AE3ECF5} = {FA7A24C2-3271-4F62-8B7B-39FE9AE2A2DF}
		{F8EBBF32-2AA7-46FE-A2B7-6951FC1B2D63} = {FA7A24C2-3271-4F62-8B7B-39FE9AE2A2DF}
		{17840D17-1BB3-46E4-80F9-AA93D353C101} = {FA7A24C2-3271-4F62-8B7B-39FE9AE2A2DF}
		{FD73EA8C-987B-408B-83B6-A71BF668D1B6} = {FA7A24C2-3271-4F62-8B7B-39FE9AE2A2DF}
		{4EF1254B-EEAE-43E6-B5A5-2DF11A4B71FB} = {CBB6C860-0E55-43BE-A034-8873D71E2167}
		{C5BE222B-6508-41B1-9BA4-5F44CF18691A} = {CBB6C860-0E55-43BE-A034-8873D71E2167}
		{A00B0E14-CBEE-4DD0-9893-4172A9020C15} = {CBB6C860-0E55-43BE-A034-8873D71E2167}
		{A4A91292-7325-49B5-931A-2E5CDD3193B0} = {CBB6C860-0E55-43BE-A034-8873D71E2167}
		{288DFCDF-16E3-4583-8142-48F8994BED2E} = {575F3C61-B740-4E48-A78B-E7E030AB03CF}
		{CFA60784-09AE-4677-A1AC-117B8F1D7103} = {575F3C61-B740-4E48-A78B-E7E030AB03CF}
		{1DF08894-8517-4891-B1D1-6826BB1F8458} = {575F3C61-B740-4E48-A78B-E7E030AB03CF}
		{E5C658E2-885B-4904-914C-360A9D5F7B88} = {575F3C61-B740-4E48-A78B-E7E030AB03CF}
		{EF4F69E8-A93D-496F-8F22-430E9793101D} = {575F3C61-B740-4E48-A78B-E7E030AB03CF}
		{1E7F9C0B-8C4D-4B33-AAFF-3F21EA09C05D} = {575F3C61-B740-4E48-A78B-E7E030AB03CF}
		{1F65A8E3-7078-423E-879C-3371A3EF2DE7} = {575F3C61-B740-4E48-A78B-E7E030AB03CF}
		{280A6276-F3F5-465F-A3D1-58931A26BEE4} = {575F3C61-B740-4E48-A78B-E7E030AB03CF}
		{F524F4F3-EDB8-4570-904E-BBFF29208C93} = {575F3C61-B740-4E48-A78B-E7E030AB03CF}
	EndGlobalSection
EndGlobal
